
Microsoft Visual Studio Solution File, Format Version 12.00
# Visual Studio Version 17
VisualStudioVersion = 17.2.32630.192
MinimumVisualStudioVersion = 10.0.40219.1
Project("{FAE04EC0-301F-11D3-BF4B-00C04F79EFBC}") = "Integration", "src\Integration\Integration.csproj", "{50C8BF69-071D-486E-8374-32D6E155064F}"
EndProject
Project("{FAE04EC0-301F-11D3-BF4B-00C04F79EFBC}") = "Domain", "src\Domain\Domain.csproj", "{83BC2E33-1658-46DE-B92F-E98BAE3AEB53}"
EndProject
Project("{FAE04EC0-301F-11D3-BF4B-00C04F79EFBC}") = "Infrastructure", "src\Infrastructure\Infrastructure.csproj", "{80450CD3-7B65-47B1-80CA-5F420DA4D018}"
EndProject
Project("{FAE04EC0-301F-11D3-BF4B-00C04F79EFBC}") = "Kernel", "src\Kernel\Kernel.csproj", "{044C5D54-1765-4DF3-88B7-C6C7F4076DAA}"
EndProject
Project("{FAE04EC0-301F-11D3-BF4B-00C04F79EFBC}") = "Application", "src\Application\Application.csproj", "{3111FBF8-DA19-40E8-BFEB-C467526FF622}"
EndProject
Project("{FAE04EC0-301F-11D3-BF4B-00C04F79EFBC}") = "Unit.Tests", "tests\Unit.Tests\Unit.Tests.csproj", "{995B928D-5CFA-43A9-91B5-1D1BB5406C47}"
EndProject
Project("{2150E333-8FDC-42A3-9474-1A3956D46DE8}") = "src", "src", "{888B03C9-277B-452E-B4D3-0DF751057E45}"
EndProject
Project("{2150E333-8FDC-42A3-9474-1A3956D46DE8}") = "test", "test", "{3EE2A366-BBA9-46EE-8E96-BA9FBA9B86A9}"
EndProject
Project("{FAE04EC0-301F-11D3-BF4B-00C04F79EFBC}") = "Integration.Tests", "tests\Integration.Tests\Integration.Tests.csproj", "{6030B37B-E4F1-4AFD-854E-4BDB3F488296}"
EndProject
Global
	GlobalSection(SolutionConfigurationPlatforms) = preSolution
		Debug|Any CPU = Debug|Any CPU
		Release|Any CPU = Release|Any CPU
	EndGlobalSection
	GlobalSection(ProjectConfigurationPlatforms) = postSolution
		{50C8BF69-071D-486E-8374-32D6E155064F}.Debug|Any CPU.ActiveCfg = Debug|Any CPU
		{50C8BF69-071D-486E-8374-32D6E155064F}.Debug|Any CPU.Build.0 = Debug|Any CPU
		{50C8BF69-071D-486E-8374-32D6E155064F}.Release|Any CPU.ActiveCfg = Release|Any CPU
		{50C8BF69-071D-486E-8374-32D6E155064F}.Release|Any CPU.Build.0 = Release|Any CPU
		{83BC2E33-1658-46DE-B92F-E98BAE3AEB53}.Debug|Any CPU.ActiveCfg = Debug|Any CPU
		{83BC2E33-1658-46DE-B92F-E98BAE3AEB53}.Debug|Any CPU.Build.0 = Debug|Any CPU
		{83BC2E33-1658-46DE-B92F-E98BAE3AEB53}.Release|Any CPU.ActiveCfg = Release|Any CPU
		{83BC2E33-1658-46DE-B92F-E98BAE3AEB53}.Release|Any CPU.Build.0 = Release|Any CPU
		{80450CD3-7B65-47B1-80CA-5F420DA4D018}.Debug|Any CPU.ActiveCfg = Debug|Any CPU
		{80450CD3-7B65-47B1-80CA-5F420DA4D018}.Debug|Any CPU.Build.0 = Debug|Any CPU
		{80450CD3-7B65-47B1-80CA-5F420DA4D018}.Release|Any CPU.ActiveCfg = Release|Any CPU
		{80450CD3-7B65-47B1-80CA-5F420DA4D018}.Release|Any CPU.Build.0 = Release|Any CPU
		{044C5D54-1765-4DF3-88B7-C6C7F4076DAA}.Debug|Any CPU.ActiveCfg = Debug|Any CPU
		{044C5D54-1765-4DF3-88B7-C6C7F4076DAA}.Debug|Any CPU.Build.0 = Debug|Any CPU
		{044C5D54-1765-4DF3-88B7-C6C7F4076DAA}.Release|Any CPU.ActiveCfg = Release|Any CPU
		{044C5D54-1765-4DF3-88B7-C6C7F4076DAA}.Release|Any CPU.Build.0 = Release|Any CPU
		{3111FBF8-DA19-40E8-BFEB-C467526FF622}.Debug|Any CPU.ActiveCfg = Debug|Any CPU
		{3111FBF8-DA19-40E8-BFEB-C467526FF622}.Debug|Any CPU.Build.0 = Debug|Any CPU
		{3111FBF8-DA19-40E8-BFEB-C467526FF622}.Release|Any CPU.ActiveCfg = Release|Any CPU
		{3111FBF8-DA19-40E8-BFEB-C467526FF622}.Release|Any CPU.Build.0 = Release|Any CPU
		{995B928D-5CFA-43A9-91B5-1D1BB5406C47}.Debug|Any CPU.ActiveCfg = Debug|Any CPU
		{995B928D-5CFA-43A9-91B5-1D1BB5406C47}.Debug|Any CPU.Build.0 = Debug|Any CPU
		{995B928D-5CFA-43A9-91B5-1D1BB5406C47}.Release|Any CPU.ActiveCfg = Release|Any CPU
		{995B928D-5CFA-43A9-91B5-1D1BB5406C47}.Release|Any CPU.Build.0 = Release|Any CPU
		{6030B37B-E4F1-4AFD-854E-4BDB3F488296}.Debug|Any CPU.ActiveCfg = Debug|Any CPU
		{6030B37B-E4F1-4AFD-854E-4BDB3F488296}.Debug|Any CPU.Build.0 = Debug|Any CPU
		{6030B37B-E4F1-4AFD-854E-4BDB3F488296}.Release|Any CPU.ActiveCfg = Release|Any CPU
		{6030B37B-E4F1-4AFD-854E-4BDB3F488296}.Release|Any CPU.Build.0 = Release|Any CPU
	EndGlobalSection
	GlobalSection(SolutionProperties) = preSolution
		HideSolutionNode = FALSE
	EndGlobalSection
	GlobalSection(ExtensibilityGlobals) = postSolution
		SolutionGuid = {CF7E1601-6610-46F6-9F4B-48C40A3077A5}
	EndGlobalSection
	GlobalSection(NestedProjects) = preSolution
		{83BC2E33-1658-46DE-B92F-E98BAE3AEB53} = {888B03C9-277B-452E-B4D3-0DF751057E45}
		{50C8BF69-071D-486E-8374-32D6E155064F} = {888B03C9-277B-452E-B4D3-0DF751057E45}
		{044C5D54-1765-4DF3-88B7-C6C7F4076DAA} = {888B03C9-277B-452E-B4D3-0DF751057E45}
		{80450CD3-7B65-47B1-80CA-5F420DA4D018} = {888B03C9-277B-452E-B4D3-0DF751057E45}
		{3111FBF8-DA19-40E8-BFEB-C467526FF622} = {888B03C9-277B-452E-B4D3-0DF751057E45}
		{995B928D-5CFA-43A9-91B5-1D1BB5406C47} = {3EE2A366-BBA9-46EE-8E96-BA9FBA9B86A9}
		{6030B37B-E4F1-4AFD-854E-4BDB3F488296} = {3EE2A366-BBA9-46EE-8E96-BA9FBA9B86A9}
	EndGlobalSection
EndGlobal
